// !$*UTF8*$!
{
	archiveVersion = 1;
	classes = {
	};
	objectVersion = 48;
	objects = {

/* Begin PBXBuildFile section */
		49108EBD2027D7200031314B /* AppUser.swift in Sources */ = {isa = PBXBuildFile; fileRef = 49108EBC2027D7200031314B /* AppUser.swift */; };
		49108EBF2027D76A0031314B /* LoginViewModel.swift in Sources */ = {isa = PBXBuildFile; fileRef = 49108EBE2027D76A0031314B /* LoginViewModel.swift */; };
		491199FF2087FCEC0063356C /* RatedUserViewController.storyboard in Resources */ = {isa = PBXBuildFile; fileRef = 491199FE2087FCEC0063356C /* RatedUserViewController.storyboard */; };
		49119A012087FCF60063356C /* RatedUserViewController.swift in Sources */ = {isa = PBXBuildFile; fileRef = 49119A002087FCF60063356C /* RatedUserViewController.swift */; };
		4918EF2F2071D4F400CB1A0C /* FirebaseUserManager.swift in Sources */ = {isa = PBXBuildFile; fileRef = 4918EF2E2071D4F400CB1A0C /* FirebaseUserManager.swift */; };
		4933BEC92023FA35004307E4 /* ProfileViewController.storyboard in Resources */ = {isa = PBXBuildFile; fileRef = 4933BEC82023FA35004307E4 /* ProfileViewController.storyboard */; };
		4933BECB2023FD27004307E4 /* HomepageViewController.storyboard in Resources */ = {isa = PBXBuildFile; fileRef = 4933BECA2023FD27004307E4 /* HomepageViewController.storyboard */; };
		4937FAED2025732A006E991B /* UploadViewController.swift in Sources */ = {isa = PBXBuildFile; fileRef = 4937FAEC2025732A006E991B /* UploadViewController.swift */; };
		4937FAEF2025733F006E991B /* UploadViewController.storyboard in Resources */ = {isa = PBXBuildFile; fileRef = 4937FAEE2025733F006E991B /* UploadViewController.storyboard */; };
		4937FAF220257564006E991B /* ExploreViewController.swift in Sources */ = {isa = PBXBuildFile; fileRef = 4937FAF120257564006E991B /* ExploreViewController.swift */; };
		4937FAF420257573006E991B /* ExploreViewController.storyboard in Resources */ = {isa = PBXBuildFile; fileRef = 4937FAF320257573006E991B /* ExploreViewController.storyboard */; };
		4937FAF720263C77006E991B /* RegisterViewController.storyboard in Resources */ = {isa = PBXBuildFile; fileRef = 4937FAF620263C77006E991B /* RegisterViewController.storyboard */; };
		4937FAFA20263CD5006E991B /* RegisterViewController.swift in Sources */ = {isa = PBXBuildFile; fileRef = 4937FAF920263CD5006E991B /* RegisterViewController.swift */; };
		4937FAFC20263D88006E991B /* LoginViewController.storyboard in Resources */ = {isa = PBXBuildFile; fileRef = 4937FAFB20263D88006E991B /* LoginViewController.storyboard */; };
		4937FAFE20264A33006E991B /* GoogleService-Info.plist in Resources */ = {isa = PBXBuildFile; fileRef = 4937FAFD20264A33006E991B /* GoogleService-Info.plist */; };
		4937FAFF20264A33006E991B /* GoogleService-Info.plist in Resources */ = {isa = PBXBuildFile; fileRef = 4937FAFD20264A33006E991B /* GoogleService-Info.plist */; };
		4937FB0020264A33006E991B /* GoogleService-Info.plist in Resources */ = {isa = PBXBuildFile; fileRef = 4937FAFD20264A33006E991B /* GoogleService-Info.plist */; };
		4938476E2050769900FFA15A /* BaseTableViewCell.swift in Sources */ = {isa = PBXBuildFile; fileRef = 4938476D2050769900FFA15A /* BaseTableViewCell.swift */; };
		493847702051F8A200FFA15A /* Alert.swift in Sources */ = {isa = PBXBuildFile; fileRef = 4938476F2051F8A200FFA15A /* Alert.swift */; };
		49384772205201C600FFA15A /* Extensions+UIViewController.swift in Sources */ = {isa = PBXBuildFile; fileRef = 49384771205201C600FFA15A /* Extensions+UIViewController.swift */; };
		493847772054B2A800FFA15A /* ProfileMenuBar.swift in Sources */ = {isa = PBXBuildFile; fileRef = 493847762054B2A800FFA15A /* ProfileMenuBar.swift */; };
		493847792055AF4B00FFA15A /* BaseCell.swift in Sources */ = {isa = PBXBuildFile; fileRef = 493847782055AF4B00FFA15A /* BaseCell.swift */; };
		4949F1DC205F653C00AB6160 /* DataStore.swift in Sources */ = {isa = PBXBuildFile; fileRef = 4949F1DB205F653C00AB6160 /* DataStore.swift */; };
		4957D3E4208D06AA00199A70 /* RealmService.swift in Sources */ = {isa = PBXBuildFile; fileRef = 4957D3E3208D06AA00199A70 /* RealmService.swift */; };
		4957D3E6208D0A0B00199A70 /* FirebaseService.swift in Sources */ = {isa = PBXBuildFile; fileRef = 4957D3E5208D0A0B00199A70 /* FirebaseService.swift */; };
		495AB3A1202942FC00D4D721 /* Extensions.swift in Sources */ = {isa = PBXBuildFile; fileRef = 495AB3A0202942FC00D4D721 /* Extensions.swift */; };
		495AB3A52029461B00D4D721 /* RegisterViewModel.swift in Sources */ = {isa = PBXBuildFile; fileRef = 495AB3A42029461B00D4D721 /* RegisterViewModel.swift */; };
		495E9B97202B6BEE007F23B8 /* InstantiatedViewControllers.swift in Sources */ = {isa = PBXBuildFile; fileRef = 495E9B96202B6BEE007F23B8 /* InstantiatedViewControllers.swift */; };
		495E9B99202B815C007F23B8 /* HomepageViewModel.swift in Sources */ = {isa = PBXBuildFile; fileRef = 495E9B98202B815C007F23B8 /* HomepageViewModel.swift */; };
		495E9B9B202BACA1007F23B8 /* Post.swift in Sources */ = {isa = PBXBuildFile; fileRef = 495E9B9A202BACA1007F23B8 /* Post.swift */; };
		498B5CF020659F2200FBD4AE /* ProfileContentCollectionViewCell.swift in Sources */ = {isa = PBXBuildFile; fileRef = 498B5CEF20659F2200FBD4AE /* ProfileContentCollectionViewCell.swift */; };
		498B5CF22065C57600FBD4AE /* ContentTableViewCell.swift in Sources */ = {isa = PBXBuildFile; fileRef = 498B5CF12065C57600FBD4AE /* ContentTableViewCell.swift */; };
		498B5CF42065C59900FBD4AE /* ContentCollectionViewCell.swift in Sources */ = {isa = PBXBuildFile; fileRef = 498B5CF32065C59900FBD4AE /* ContentCollectionViewCell.swift */; };
		498EC8282058B47F00EA6DAA /* ProfileContainerView.swift in Sources */ = {isa = PBXBuildFile; fileRef = 498EC8272058B47F00EA6DAA /* ProfileContainerView.swift */; };
		498EC82A205AFFA300EA6DAA /* ProfileMenuCell.swift in Sources */ = {isa = PBXBuildFile; fileRef = 498EC829205AFFA300EA6DAA /* ProfileMenuCell.swift */; };
		498EC82D205B001300EA6DAA /* Profile Protocols.swift in Sources */ = {isa = PBXBuildFile; fileRef = 498EC82C205B001300EA6DAA /* Profile Protocols.swift */; };
		498EC830205B203000EA6DAA /* ProfileUserDataModel.swift in Sources */ = {isa = PBXBuildFile; fileRef = 498EC82F205B203000EA6DAA /* ProfileUserDataModel.swift */; };
		49964D3720471719007204E4 /* Image.swift in Sources */ = {isa = PBXBuildFile; fileRef = 49964D3620471719007204E4 /* Image.swift */; };
		49A6D7EE201E86E500B994A2 /* AppDelegate.swift in Sources */ = {isa = PBXBuildFile; fileRef = 49A6D7ED201E86E500B994A2 /* AppDelegate.swift */; };
		49A6D7F5201E86E500B994A2 /* Assets.xcassets in Resources */ = {isa = PBXBuildFile; fileRef = 49A6D7F4201E86E500B994A2 /* Assets.xcassets */; };
		49A6D7F8201E86E500B994A2 /* LaunchScreen.storyboard in Resources */ = {isa = PBXBuildFile; fileRef = 49A6D7F6201E86E500B994A2 /* LaunchScreen.storyboard */; };
		49A6D803201E86E500B994A2 /* MiyuTests.swift in Sources */ = {isa = PBXBuildFile; fileRef = 49A6D802201E86E500B994A2 /* MiyuTests.swift */; };
		49A6D80E201E86E500B994A2 /* MiyuUITests.swift in Sources */ = {isa = PBXBuildFile; fileRef = 49A6D80D201E86E500B994A2 /* MiyuUITests.swift */; };
		49A6D81D201FB22600B994A2 /* LoginViewController.swift in Sources */ = {isa = PBXBuildFile; fileRef = 49A6D81C201FB22600B994A2 /* LoginViewController.swift */; };
		49A6D822201FB2A100B994A2 /* HomepageViewController.swift in Sources */ = {isa = PBXBuildFile; fileRef = 49A6D820201FB2A100B994A2 /* HomepageViewController.swift */; };
		49A6D830202104D300B994A2 /* HomepageTableViewCell.swift in Sources */ = {isa = PBXBuildFile; fileRef = 49A6D82E202104D300B994A2 /* HomepageTableViewCell.swift */; };
		49A6D831202104D300B994A2 /* HomepageTableViewCell.xib in Resources */ = {isa = PBXBuildFile; fileRef = 49A6D82F202104D300B994A2 /* HomepageTableViewCell.xib */; };
		49A6D833202104E800B994A2 /* Constants.swift in Sources */ = {isa = PBXBuildFile; fileRef = 49A6D832202104E800B994A2 /* Constants.swift */; };
		49A6D83620210C1400B994A2 /* BaseViewController.swift in Sources */ = {isa = PBXBuildFile; fileRef = 49A6D83520210C1400B994A2 /* BaseViewController.swift */; };
		49A9B6C6204B4F650067A578 /* Design+Extensions.swift in Sources */ = {isa = PBXBuildFile; fileRef = 49A9B6C5204B4F650067A578 /* Design+Extensions.swift */; };
		49A9EDA720805B940044B5C1 /* CustomTextField.swift in Sources */ = {isa = PBXBuildFile; fileRef = 49A9EDA620805B940044B5C1 /* CustomTextField.swift */; };
		49B44C322070678E00A4A069 /* ContentFriendTableViewCell.swift in Sources */ = {isa = PBXBuildFile; fileRef = 49B44C302070678E00A4A069 /* ContentFriendTableViewCell.swift */; };
		49B44C332070678E00A4A069 /* ContentFriendTableViewCell.xib in Resources */ = {isa = PBXBuildFile; fileRef = 49B44C312070678E00A4A069 /* ContentFriendTableViewCell.xib */; };
		49B44C362070689600A4A069 /* ContentFriendCell.swift in Sources */ = {isa = PBXBuildFile; fileRef = 49B44C352070689600A4A069 /* ContentFriendCell.swift */; };
		49BFABE520603EED0097A464 /* DataStoreManager.swift in Sources */ = {isa = PBXBuildFile; fileRef = 49BFABE420603EED0097A464 /* DataStoreManager.swift */; };
		49C8F821207576A4003ACE54 /* Extension+HomepageVC.swift in Sources */ = {isa = PBXBuildFile; fileRef = 49C8F820207576A4003ACE54 /* Extension+HomepageVC.swift */; };
		49C8F8252075AFA0003ACE54 /* SplashViewController.swift in Sources */ = {isa = PBXBuildFile; fileRef = 49C8F8242075AFA0003ACE54 /* SplashViewController.swift */; };
		49DC302320227CA600E7F05F /* ProfileViewController.swift in Sources */ = {isa = PBXBuildFile; fileRef = 49DC302220227CA600E7F05F /* ProfileViewController.swift */; };
		49DC302720227D1000E7F05F /* ProfileTableViewCell.swift in Sources */ = {isa = PBXBuildFile; fileRef = 49DC302520227D1000E7F05F /* ProfileTableViewCell.swift */; };
		49DC302820227D1000E7F05F /* ProfileTableViewCell.xib in Resources */ = {isa = PBXBuildFile; fileRef = 49DC302620227D1000E7F05F /* ProfileTableViewCell.xib */; };
		49E1D9472075BF3700B5B7FD /* RootViewController.swift in Sources */ = {isa = PBXBuildFile; fileRef = 49E1D9462075BF3700B5B7FD /* RootViewController.swift */; };
		49E1D9492075C3ED00B5B7FD /* Main.storyboard in Resources */ = {isa = PBXBuildFile; fileRef = 49E1D9482075C3ED00B5B7FD /* Main.storyboard */; };
		49E1D94B2075E79400B5B7FD /* ActivityRatingViewController.storyboard in Resources */ = {isa = PBXBuildFile; fileRef = 49E1D94A2075E79400B5B7FD /* ActivityRatingViewController.storyboard */; };
		49E1D94D2075E79F00B5B7FD /* ActivityRatingViewController.swift in Sources */ = {isa = PBXBuildFile; fileRef = 49E1D94C2075E79F00B5B7FD /* ActivityRatingViewController.swift */; };
		49E4F577202E93B700D5C7B4 /* UploadViewModel.swift in Sources */ = {isa = PBXBuildFile; fileRef = 49E4F576202E93B700D5C7B4 /* UploadViewModel.swift */; };
		8736BCB40BCE784B2B71E8F5 /* Pods_Miyu.framework in Frameworks */ = {isa = PBXBuildFile; fileRef = 8711C96527BBB4952E43A15B /* Pods_Miyu.framework */; };
/* End PBXBuildFile section */

/* Begin PBXContainerItemProxy section */
		49A6D7FF201E86E500B994A2 /* PBXContainerItemProxy */ = {
			isa = PBXContainerItemProxy;
			containerPortal = 49A6D7E2201E86E500B994A2 /* Project object */;
			proxyType = 1;
			remoteGlobalIDString = 49A6D7E9201E86E500B994A2;
			remoteInfo = Miyu;
		};
		49A6D80A201E86E500B994A2 /* PBXContainerItemProxy */ = {
			isa = PBXContainerItemProxy;
			containerPortal = 49A6D7E2201E86E500B994A2 /* Project object */;
			proxyType = 1;
			remoteGlobalIDString = 49A6D7E9201E86E500B994A2;
			remoteInfo = Miyu;
		};
/* End PBXContainerItemProxy section */

/* Begin PBXFileReference section */
		49108EBC2027D7200031314B /* AppUser.swift */ = {isa = PBXFileReference; lastKnownFileType = sourcecode.swift; path = AppUser.swift; sourceTree = "<group>"; };
		49108EBE2027D76A0031314B /* LoginViewModel.swift */ = {isa = PBXFileReference; lastKnownFileType = sourcecode.swift; path = LoginViewModel.swift; sourceTree = "<group>"; };
		491199FE2087FCEC0063356C /* RatedUserViewController.storyboard */ = {isa = PBXFileReference; lastKnownFileType = file.storyboard; path = RatedUserViewController.storyboard; sourceTree = "<group>"; };
		49119A002087FCF60063356C /* RatedUserViewController.swift */ = {isa = PBXFileReference; lastKnownFileType = sourcecode.swift; path = RatedUserViewController.swift; sourceTree = "<group>"; };
		4918EF2E2071D4F400CB1A0C /* FirebaseUserManager.swift */ = {isa = PBXFileReference; fileEncoding = 4; lastKnownFileType = sourcecode.swift; path = FirebaseUserManager.swift; sourceTree = "<group>"; };
		4933BEC82023FA35004307E4 /* ProfileViewController.storyboard */ = {isa = PBXFileReference; fileEncoding = 4; lastKnownFileType = file.storyboard; path = ProfileViewController.storyboard; sourceTree = "<group>"; };
		4933BECA2023FD27004307E4 /* HomepageViewController.storyboard */ = {isa = PBXFileReference; fileEncoding = 4; lastKnownFileType = file.storyboard; path = HomepageViewController.storyboard; sourceTree = "<group>"; };
		4937FAEC2025732A006E991B /* UploadViewController.swift */ = {isa = PBXFileReference; lastKnownFileType = sourcecode.swift; path = UploadViewController.swift; sourceTree = "<group>"; };
		4937FAEE2025733F006E991B /* UploadViewController.storyboard */ = {isa = PBXFileReference; fileEncoding = 4; lastKnownFileType = file.storyboard; path = UploadViewController.storyboard; sourceTree = "<group>"; };
		4937FAF120257564006E991B /* ExploreViewController.swift */ = {isa = PBXFileReference; lastKnownFileType = sourcecode.swift; path = ExploreViewController.swift; sourceTree = "<group>"; };
		4937FAF320257573006E991B /* ExploreViewController.storyboard */ = {isa = PBXFileReference; fileEncoding = 4; lastKnownFileType = file.storyboard; path = ExploreViewController.storyboard; sourceTree = "<group>"; };
		4937FAF620263C77006E991B /* RegisterViewController.storyboard */ = {isa = PBXFileReference; lastKnownFileType = file.storyboard; path = RegisterViewController.storyboard; sourceTree = "<group>"; };
		4937FAF920263CD5006E991B /* RegisterViewController.swift */ = {isa = PBXFileReference; lastKnownFileType = sourcecode.swift; path = RegisterViewController.swift; sourceTree = "<group>"; };
		4937FAFB20263D88006E991B /* LoginViewController.storyboard */ = {isa = PBXFileReference; lastKnownFileType = file.storyboard; path = LoginViewController.storyboard; sourceTree = "<group>"; };
		4937FAFD20264A33006E991B /* GoogleService-Info.plist */ = {isa = PBXFileReference; fileEncoding = 4; lastKnownFileType = text.plist.xml; path = "GoogleService-Info.plist"; sourceTree = "<group>"; };
		4938476D2050769900FFA15A /* BaseTableViewCell.swift */ = {isa = PBXFileReference; lastKnownFileType = sourcecode.swift; path = BaseTableViewCell.swift; sourceTree = "<group>"; };
		4938476F2051F8A200FFA15A /* Alert.swift */ = {isa = PBXFileReference; lastKnownFileType = sourcecode.swift; path = Alert.swift; sourceTree = "<group>"; };
		49384771205201C600FFA15A /* Extensions+UIViewController.swift */ = {isa = PBXFileReference; lastKnownFileType = sourcecode.swift; path = "Extensions+UIViewController.swift"; sourceTree = "<group>"; };
		493847762054B2A800FFA15A /* ProfileMenuBar.swift */ = {isa = PBXFileReference; lastKnownFileType = sourcecode.swift; path = ProfileMenuBar.swift; sourceTree = "<group>"; };
		493847782055AF4B00FFA15A /* BaseCell.swift */ = {isa = PBXFileReference; lastKnownFileType = sourcecode.swift; path = BaseCell.swift; sourceTree = "<group>"; };
		4949F1DB205F653C00AB6160 /* DataStore.swift */ = {isa = PBXFileReference; lastKnownFileType = sourcecode.swift; path = DataStore.swift; sourceTree = "<group>"; };
		4957D3E3208D06AA00199A70 /* RealmService.swift */ = {isa = PBXFileReference; lastKnownFileType = sourcecode.swift; path = RealmService.swift; sourceTree = "<group>"; };
		4957D3E5208D0A0B00199A70 /* FirebaseService.swift */ = {isa = PBXFileReference; lastKnownFileType = sourcecode.swift; path = FirebaseService.swift; sourceTree = "<group>"; };
		495AB3A0202942FC00D4D721 /* Extensions.swift */ = {isa = PBXFileReference; lastKnownFileType = sourcecode.swift; path = Extensions.swift; sourceTree = "<group>"; };
		495AB3A42029461B00D4D721 /* RegisterViewModel.swift */ = {isa = PBXFileReference; lastKnownFileType = sourcecode.swift; path = RegisterViewModel.swift; sourceTree = "<group>"; };
		495E9B96202B6BEE007F23B8 /* InstantiatedViewControllers.swift */ = {isa = PBXFileReference; lastKnownFileType = sourcecode.swift; path = InstantiatedViewControllers.swift; sourceTree = "<group>"; };
		495E9B98202B815C007F23B8 /* HomepageViewModel.swift */ = {isa = PBXFileReference; lastKnownFileType = sourcecode.swift; path = HomepageViewModel.swift; sourceTree = "<group>"; };
		495E9B9A202BACA1007F23B8 /* Post.swift */ = {isa = PBXFileReference; lastKnownFileType = sourcecode.swift; path = Post.swift; sourceTree = "<group>"; };
		498B5CEF20659F2200FBD4AE /* ProfileContentCollectionViewCell.swift */ = {isa = PBXFileReference; lastKnownFileType = sourcecode.swift; path = ProfileContentCollectionViewCell.swift; sourceTree = "<group>"; };
		498B5CF12065C57600FBD4AE /* ContentTableViewCell.swift */ = {isa = PBXFileReference; lastKnownFileType = sourcecode.swift; path = ContentTableViewCell.swift; sourceTree = "<group>"; };
		498B5CF32065C59900FBD4AE /* ContentCollectionViewCell.swift */ = {isa = PBXFileReference; lastKnownFileType = sourcecode.swift; path = ContentCollectionViewCell.swift; sourceTree = "<group>"; };
		498EC8272058B47F00EA6DAA /* ProfileContainerView.swift */ = {isa = PBXFileReference; lastKnownFileType = sourcecode.swift; path = ProfileContainerView.swift; sourceTree = "<group>"; };
		498EC829205AFFA300EA6DAA /* ProfileMenuCell.swift */ = {isa = PBXFileReference; lastKnownFileType = sourcecode.swift; path = ProfileMenuCell.swift; sourceTree = "<group>"; };
		498EC82C205B001300EA6DAA /* Profile Protocols.swift */ = {isa = PBXFileReference; lastKnownFileType = sourcecode.swift; path = "Profile Protocols.swift"; sourceTree = "<group>"; };
		498EC82F205B203000EA6DAA /* ProfileUserDataModel.swift */ = {isa = PBXFileReference; lastKnownFileType = sourcecode.swift; path = ProfileUserDataModel.swift; sourceTree = "<group>"; };
		49964D3620471719007204E4 /* Image.swift */ = {isa = PBXFileReference; lastKnownFileType = sourcecode.swift; path = Image.swift; sourceTree = "<group>"; };
		49A6D7EA201E86E500B994A2 /* Miyu.app */ = {isa = PBXFileReference; explicitFileType = wrapper.application; includeInIndex = 0; path = Miyu.app; sourceTree = BUILT_PRODUCTS_DIR; };
		49A6D7ED201E86E500B994A2 /* AppDelegate.swift */ = {isa = PBXFileReference; lastKnownFileType = sourcecode.swift; name = AppDelegate.swift; path = "Miyu/Supporting Files/AppDelegate.swift"; sourceTree = SOURCE_ROOT; };
		49A6D7F4201E86E500B994A2 /* Assets.xcassets */ = {isa = PBXFileReference; lastKnownFileType = folder.assetcatalog; path = Assets.xcassets; sourceTree = "<group>"; };
		49A6D7F7201E86E500B994A2 /* Base */ = {isa = PBXFileReference; lastKnownFileType = file.storyboard; name = Base; path = Base.lproj/LaunchScreen.storyboard; sourceTree = "<group>"; };
		49A6D7F9201E86E500B994A2 /* Info.plist */ = {isa = PBXFileReference; lastKnownFileType = text.plist.xml; path = Info.plist; sourceTree = "<group>"; };
		49A6D7FE201E86E500B994A2 /* MiyuTests.xctest */ = {isa = PBXFileReference; explicitFileType = wrapper.cfbundle; includeInIndex = 0; path = MiyuTests.xctest; sourceTree = BUILT_PRODUCTS_DIR; };
		49A6D802201E86E500B994A2 /* MiyuTests.swift */ = {isa = PBXFileReference; lastKnownFileType = sourcecode.swift; path = MiyuTests.swift; sourceTree = "<group>"; };
		49A6D804201E86E500B994A2 /* Info.plist */ = {isa = PBXFileReference; lastKnownFileType = text.plist.xml; path = Info.plist; sourceTree = "<group>"; };
		49A6D809201E86E500B994A2 /* MiyuUITests.xctest */ = {isa = PBXFileReference; explicitFileType = wrapper.cfbundle; includeInIndex = 0; path = MiyuUITests.xctest; sourceTree = BUILT_PRODUCTS_DIR; };
		49A6D80D201E86E500B994A2 /* MiyuUITests.swift */ = {isa = PBXFileReference; lastKnownFileType = sourcecode.swift; path = MiyuUITests.swift; sourceTree = "<group>"; };
		49A6D80F201E86E500B994A2 /* Info.plist */ = {isa = PBXFileReference; lastKnownFileType = text.plist.xml; path = Info.plist; sourceTree = "<group>"; };
		49A6D81C201FB22600B994A2 /* LoginViewController.swift */ = {isa = PBXFileReference; lastKnownFileType = sourcecode.swift; path = LoginViewController.swift; sourceTree = "<group>"; };
		49A6D820201FB2A100B994A2 /* HomepageViewController.swift */ = {isa = PBXFileReference; lastKnownFileType = sourcecode.swift; path = HomepageViewController.swift; sourceTree = "<group>"; };
		49A6D82E202104D300B994A2 /* HomepageTableViewCell.swift */ = {isa = PBXFileReference; lastKnownFileType = sourcecode.swift; path = HomepageTableViewCell.swift; sourceTree = "<group>"; };
		49A6D82F202104D300B994A2 /* HomepageTableViewCell.xib */ = {isa = PBXFileReference; lastKnownFileType = file.xib; path = HomepageTableViewCell.xib; sourceTree = "<group>"; };
		49A6D832202104E800B994A2 /* Constants.swift */ = {isa = PBXFileReference; lastKnownFileType = sourcecode.swift; path = Constants.swift; sourceTree = "<group>"; };
		49A6D83520210C1400B994A2 /* BaseViewController.swift */ = {isa = PBXFileReference; lastKnownFileType = sourcecode.swift; path = BaseViewController.swift; sourceTree = "<group>"; };
		49A9B6C5204B4F650067A578 /* Design+Extensions.swift */ = {isa = PBXFileReference; lastKnownFileType = sourcecode.swift; path = "Design+Extensions.swift"; sourceTree = "<group>"; };
		49A9EDA620805B940044B5C1 /* CustomTextField.swift */ = {isa = PBXFileReference; lastKnownFileType = sourcecode.swift; path = CustomTextField.swift; sourceTree = "<group>"; };
		49B44C302070678E00A4A069 /* ContentFriendTableViewCell.swift */ = {isa = PBXFileReference; lastKnownFileType = sourcecode.swift; path = ContentFriendTableViewCell.swift; sourceTree = "<group>"; };
		49B44C312070678E00A4A069 /* ContentFriendTableViewCell.xib */ = {isa = PBXFileReference; lastKnownFileType = file.xib; path = ContentFriendTableViewCell.xib; sourceTree = "<group>"; };
		49B44C352070689600A4A069 /* ContentFriendCell.swift */ = {isa = PBXFileReference; lastKnownFileType = sourcecode.swift; path = ContentFriendCell.swift; sourceTree = "<group>"; };
		49BFABE420603EED0097A464 /* DataStoreManager.swift */ = {isa = PBXFileReference; lastKnownFileType = sourcecode.swift; path = DataStoreManager.swift; sourceTree = "<group>"; };
		49C8F820207576A4003ACE54 /* Extension+HomepageVC.swift */ = {isa = PBXFileReference; lastKnownFileType = sourcecode.swift; path = "Extension+HomepageVC.swift"; sourceTree = "<group>"; };
		49C8F8242075AFA0003ACE54 /* SplashViewController.swift */ = {isa = PBXFileReference; lastKnownFileType = sourcecode.swift; path = SplashViewController.swift; sourceTree = "<group>"; };
		49DC302220227CA600E7F05F /* ProfileViewController.swift */ = {isa = PBXFileReference; lastKnownFileType = sourcecode.swift; path = ProfileViewController.swift; sourceTree = "<group>"; };
		49DC302520227D1000E7F05F /* ProfileTableViewCell.swift */ = {isa = PBXFileReference; lastKnownFileType = sourcecode.swift; path = ProfileTableViewCell.swift; sourceTree = "<group>"; };
		49DC302620227D1000E7F05F /* ProfileTableViewCell.xib */ = {isa = PBXFileReference; lastKnownFileType = file.xib; path = ProfileTableViewCell.xib; sourceTree = "<group>"; };
		49E1D9462075BF3700B5B7FD /* RootViewController.swift */ = {isa = PBXFileReference; lastKnownFileType = sourcecode.swift; path = RootViewController.swift; sourceTree = "<group>"; };
		49E1D9482075C3ED00B5B7FD /* Main.storyboard */ = {isa = PBXFileReference; lastKnownFileType = file.storyboard; path = Main.storyboard; sourceTree = "<group>"; };
		49E1D94A2075E79400B5B7FD /* ActivityRatingViewController.storyboard */ = {isa = PBXFileReference; lastKnownFileType = file.storyboard; path = ActivityRatingViewController.storyboard; sourceTree = "<group>"; };
		49E1D94C2075E79F00B5B7FD /* ActivityRatingViewController.swift */ = {isa = PBXFileReference; lastKnownFileType = sourcecode.swift; path = ActivityRatingViewController.swift; sourceTree = "<group>"; };
		49E4F576202E93B700D5C7B4 /* UploadViewModel.swift */ = {isa = PBXFileReference; lastKnownFileType = sourcecode.swift; path = UploadViewModel.swift; sourceTree = "<group>"; };
		8711C96527BBB4952E43A15B /* Pods_Miyu.framework */ = {isa = PBXFileReference; explicitFileType = wrapper.framework; includeInIndex = 0; path = Pods_Miyu.framework; sourceTree = BUILT_PRODUCTS_DIR; };
		A81E4928A6D84A33072D6897 /* Pods-Miyu.release.xcconfig */ = {isa = PBXFileReference; includeInIndex = 1; lastKnownFileType = text.xcconfig; name = "Pods-Miyu.release.xcconfig"; path = "Pods/Target Support Files/Pods-Miyu/Pods-Miyu.release.xcconfig"; sourceTree = "<group>"; };
		CCC9F6D602AA27277E5E0FB5 /* Pods-Miyu.debug.xcconfig */ = {isa = PBXFileReference; includeInIndex = 1; lastKnownFileType = text.xcconfig; name = "Pods-Miyu.debug.xcconfig"; path = "Pods/Target Support Files/Pods-Miyu/Pods-Miyu.debug.xcconfig"; sourceTree = "<group>"; };
/* End PBXFileReference section */

/* Begin PBXFrameworksBuildPhase section */
		49A6D7E7201E86E500B994A2 /* Frameworks */ = {
			isa = PBXFrameworksBuildPhase;
			buildActionMask = 2147483647;
			files = (
				8736BCB40BCE784B2B71E8F5 /* Pods_Miyu.framework in Frameworks */,
			);
			runOnlyForDeploymentPostprocessing = 0;
		};
		49A6D7FB201E86E500B994A2 /* Frameworks */ = {
			isa = PBXFrameworksBuildPhase;
			buildActionMask = 2147483647;
			files = (
			);
			runOnlyForDeploymentPostprocessing = 0;
		};
		49A6D806201E86E500B994A2 /* Frameworks */ = {
			isa = PBXFrameworksBuildPhase;
			buildActionMask = 2147483647;
			files = (
			);
			runOnlyForDeploymentPostprocessing = 0;
		};
/* End PBXFrameworksBuildPhase section */

/* Begin PBXGroup section */
		191EDA54E8567AF4CA3232E6 /* Frameworks */ = {
			isa = PBXGroup;
			children = (
				8711C96527BBB4952E43A15B /* Pods_Miyu.framework */,
			);
			name = Frameworks;
			sourceTree = "<group>";
		};
		4937FAF020257345006E991B /* Upload */ = {
			isa = PBXGroup;
			children = (
				4937FAEC2025732A006E991B /* UploadViewController.swift */,
				49E4F576202E93B700D5C7B4 /* UploadViewModel.swift */,
				4937FAEE2025733F006E991B /* UploadViewController.storyboard */,
			);
			path = Upload;
			sourceTree = "<group>";
		};
		4937FAF52025758B006E991B /* Explore */ = {
			isa = PBXGroup;
			children = (
				4937FAF320257573006E991B /* ExploreViewController.storyboard */,
				4937FAF120257564006E991B /* ExploreViewController.swift */,
			);
			path = Explore;
			sourceTree = "<group>";
		};
		4937FAF820263C7D006E991B /* Register */ = {
			isa = PBXGroup;
			children = (
				4937FAF920263CD5006E991B /* RegisterViewController.swift */,
				495AB3A42029461B00D4D721 /* RegisterViewModel.swift */,
				4937FAF620263C77006E991B /* RegisterViewController.storyboard */,
			);
			path = Register;
			sourceTree = "<group>";
		};
		498B5CF52065C5A700FBD4AE /* Profile Container View */ = {
			isa = PBXGroup;
			children = (
				498EC8272058B47F00EA6DAA /* ProfileContainerView.swift */,
				498B5CF62065C64600FBD4AE /* Container Content Cells */,
			);
			path = "Profile Container View";
			sourceTree = "<group>";
		};
		498B5CF62065C64600FBD4AE /* Container Content Cells */ = {
			isa = PBXGroup;
			children = (
				498B5CF32065C59900FBD4AE /* ContentCollectionViewCell.swift */,
				498B5CF12065C57600FBD4AE /* ContentTableViewCell.swift */,
				49B44C342070679D00A4A069 /* Content Friend Table Cell */,
			);
			path = "Container Content Cells";
			sourceTree = "<group>";
		};
		498EC82B205AFFC000EA6DAA /* Profile Menu Bar */ = {
			isa = PBXGroup;
			children = (
				498EC829205AFFA300EA6DAA /* ProfileMenuCell.swift */,
				493847762054B2A800FFA15A /* ProfileMenuBar.swift */,
			);
			path = "Profile Menu Bar";
			sourceTree = "<group>";
		};
		498EC82E205B001D00EA6DAA /* Protocols */ = {
			isa = PBXGroup;
			children = (
				498EC82C205B001300EA6DAA /* Profile Protocols.swift */,
			);
			path = Protocols;
			sourceTree = "<group>";
		};
		49A6D7E1201E86E500B994A2 = {
			isa = PBXGroup;
			children = (
				49E1D9482075C3ED00B5B7FD /* Main.storyboard */,
				49A6D7EC201E86E500B994A2 /* Miyu */,
				49A6D801201E86E500B994A2 /* MiyuTests */,
				49A6D80C201E86E500B994A2 /* MiyuUITests */,
				49A6D7EB201E86E500B994A2 /* Products */,
				A27C01E12F24364B7EC12480 /* Pods */,
				191EDA54E8567AF4CA3232E6 /* Frameworks */,
			);
			sourceTree = "<group>";
		};
		49A6D7EB201E86E500B994A2 /* Products */ = {
			isa = PBXGroup;
			children = (
				49A6D7EA201E86E500B994A2 /* Miyu.app */,
				49A6D7FE201E86E500B994A2 /* MiyuTests.xctest */,
				49A6D809201E86E500B994A2 /* MiyuUITests.xctest */,
			);
			name = Products;
			sourceTree = "<group>";
		};
		49A6D7EC201E86E500B994A2 /* Miyu */ = {
			isa = PBXGroup;
			children = (
				49DC302120225F5000E7F05F /* Model */,
				49A6D82A201FB62400B994A2 /* Feature */,
				49A6D82D2021042C00B994A2 /* Utility */,
				49A6D81B201E871200B994A2 /* Supporting Files */,
			);
			path = Miyu;
			sourceTree = "<group>";
		};
		49A6D801201E86E500B994A2 /* MiyuTests */ = {
			isa = PBXGroup;
			children = (
				49A6D802201E86E500B994A2 /* MiyuTests.swift */,
				49A6D804201E86E500B994A2 /* Info.plist */,
			);
			path = MiyuTests;
			sourceTree = "<group>";
		};
		49A6D80C201E86E500B994A2 /* MiyuUITests */ = {
			isa = PBXGroup;
			children = (
				49A6D80D201E86E500B994A2 /* MiyuUITests.swift */,
				49A6D80F201E86E500B994A2 /* Info.plist */,
			);
			path = MiyuUITests;
			sourceTree = "<group>";
		};
		49A6D81B201E871200B994A2 /* Supporting Files */ = {
			isa = PBXGroup;
			children = (
				49A6D7ED201E86E500B994A2 /* AppDelegate.swift */,
				49A6D7F4201E86E500B994A2 /* Assets.xcassets */,
				49A6D7F6201E86E500B994A2 /* LaunchScreen.storyboard */,
				49A6D7F9201E86E500B994A2 /* Info.plist */,
				4937FAFD20264A33006E991B /* GoogleService-Info.plist */,
			);
			path = "Supporting Files";
			sourceTree = "<group>";
		};
		49A6D824201FB2F200B994A2 /* Homepage */ = {
			isa = PBXGroup;
			children = (
				49A6D8342021051D00B994A2 /* HomepageCell */,
				49A6D820201FB2A100B994A2 /* HomepageViewController.swift */,
				495E9B98202B815C007F23B8 /* HomepageViewModel.swift */,
				4933BECA2023FD27004307E4 /* HomepageViewController.storyboard */,
			);
			path = Homepage;
			sourceTree = "<group>";
		};
		49A6D825201FB30300B994A2 /* Login */ = {
			isa = PBXGroup;
			children = (
				49A6D81C201FB22600B994A2 /* LoginViewController.swift */,
				49108EBE2027D76A0031314B /* LoginViewModel.swift */,
				4937FAFB20263D88006E991B /* LoginViewController.storyboard */,
			);
			path = Login;
			sourceTree = "<group>";
		};
		49A6D82A201FB62400B994A2 /* Feature */ = {
			isa = PBXGroup;
			children = (
				49E1D94E2075E7A900B5B7FD /* ActivityRating */,
				49C8F8242075AFA0003ACE54 /* SplashViewController.swift */,
				49E1D9462075BF3700B5B7FD /* RootViewController.swift */,
				49A6D825201FB30300B994A2 /* Login */,
				4937FAF820263C7D006E991B /* Register */,
				49A6D824201FB2F200B994A2 /* Homepage */,
				49DC302420227CB500E7F05F /* Profile */,
				4937FAF52025758B006E991B /* Explore */,
				4937FAF020257345006E991B /* Upload */,
			);
			path = Feature;
			sourceTree = "<group>";
		};
		49A6D82D2021042C00B994A2 /* Utility */ = {
			isa = PBXGroup;
			children = (
				495AB3A0202942FC00D4D721 /* Extensions.swift */,
				49384771205201C600FFA15A /* Extensions+UIViewController.swift */,
				49C8F820207576A4003ACE54 /* Extension+HomepageVC.swift */,
				49A9B6C5204B4F650067A578 /* Design+Extensions.swift */,
				495E9B96202B6BEE007F23B8 /* InstantiatedViewControllers.swift */,
				49A6D832202104E800B994A2 /* Constants.swift */,
				49A6D83720210CB500B994A2 /* Helper Classes */,
				498EC82E205B001D00EA6DAA /* Protocols */,
			);
			path = Utility;
			sourceTree = "<group>";
		};
		49A6D8342021051D00B994A2 /* HomepageCell */ = {
			isa = PBXGroup;
			children = (
				49A6D82E202104D300B994A2 /* HomepageTableViewCell.swift */,
				49A6D82F202104D300B994A2 /* HomepageTableViewCell.xib */,
			);
			path = HomepageCell;
			sourceTree = "<group>";
		};
		49A6D83720210CB500B994A2 /* Helper Classes */ = {
			isa = PBXGroup;
			children = (
				49A6D83520210C1400B994A2 /* BaseViewController.swift */,
				49964D3620471719007204E4 /* Image.swift */,
				4938476D2050769900FFA15A /* BaseTableViewCell.swift */,
				4938476F2051F8A200FFA15A /* Alert.swift */,
				493847782055AF4B00FFA15A /* BaseCell.swift */,
				49A9EDA620805B940044B5C1 /* CustomTextField.swift */,
			);
			path = "Helper Classes";
			sourceTree = "<group>";
		};
		49B44C342070679D00A4A069 /* Content Friend Table Cell */ = {
			isa = PBXGroup;
			children = (
				49B44C352070689600A4A069 /* ContentFriendCell.swift */,
				49B44C302070678E00A4A069 /* ContentFriendTableViewCell.swift */,
				49B44C312070678E00A4A069 /* ContentFriendTableViewCell.xib */,
			);
			path = "Content Friend Table Cell";
			sourceTree = "<group>";
		};
		49DC302120225F5000E7F05F /* Model */ = {
			isa = PBXGroup;
			children = (
				49108EBC2027D7200031314B /* AppUser.swift */,
				495E9B9A202BACA1007F23B8 /* Post.swift */,
				4949F1DB205F653C00AB6160 /* DataStore.swift */,
				49BFABE420603EED0097A464 /* DataStoreManager.swift */,
				4957D3E3208D06AA00199A70 /* RealmService.swift */,
				4957D3E5208D0A0B00199A70 /* FirebaseService.swift */,
				4918EF2E2071D4F400CB1A0C /* FirebaseUserManager.swift */,
			);
			path = Model;
			sourceTree = "<group>";
		};
		49DC302420227CB500E7F05F /* Profile */ = {
			isa = PBXGroup;
			children = (
				49DC302220227CA600E7F05F /* ProfileViewController.swift */,
				498B5CEF20659F2200FBD4AE /* ProfileContentCollectionViewCell.swift */,
				498EC82F205B203000EA6DAA /* ProfileUserDataModel.swift */,
				4933BEC82023FA35004307E4 /* ProfileViewController.storyboard */,
				49DC302920227D1600E7F05F /* Profile User Cell */,
				498EC82B205AFFC000EA6DAA /* Profile Menu Bar */,
				498B5CF52065C5A700FBD4AE /* Profile Container View */,
			);
			path = Profile;
			sourceTree = "<group>";
		};
		49DC302920227D1600E7F05F /* Profile User Cell */ = {
			isa = PBXGroup;
			children = (
				49DC302520227D1000E7F05F /* ProfileTableViewCell.swift */,
				49DC302620227D1000E7F05F /* ProfileTableViewCell.xib */,
			);
			path = "Profile User Cell";
			sourceTree = "<group>";
		};
		49E1D94E2075E7A900B5B7FD /* ActivityRating */ = {
			isa = PBXGroup;
			children = (
				49E1D94A2075E79400B5B7FD /* ActivityRatingViewController.storyboard */,
				49E1D94C2075E79F00B5B7FD /* ActivityRatingViewController.swift */,
				491199FE2087FCEC0063356C /* RatedUserViewController.storyboard */,
				49119A002087FCF60063356C /* RatedUserViewController.swift */,
			);
			path = ActivityRating;
			sourceTree = "<group>";
		};
		A27C01E12F24364B7EC12480 /* Pods */ = {
			isa = PBXGroup;
			children = (
				CCC9F6D602AA27277E5E0FB5 /* Pods-Miyu.debug.xcconfig */,
				A81E4928A6D84A33072D6897 /* Pods-Miyu.release.xcconfig */,
			);
			name = Pods;
			sourceTree = "<group>";
		};
/* End PBXGroup section */

/* Begin PBXNativeTarget section */
		49A6D7E9201E86E500B994A2 /* Miyu */ = {
			isa = PBXNativeTarget;
			buildConfigurationList = 49A6D812201E86E500B994A2 /* Build configuration list for PBXNativeTarget "Miyu" */;
			buildPhases = (
				7E83368FE8084FD606F39663 /* [CP] Check Pods Manifest.lock */,
				49A6D7E6201E86E500B994A2 /* Sources */,
				49A6D7E7201E86E500B994A2 /* Frameworks */,
				49A6D7E8201E86E500B994A2 /* Resources */,
				ED92C30B5AF2C8E4F7CAB276 /* [CP] Embed Pods Frameworks */,
				5B440E520A2F0A11783B8BA5 /* [CP] Copy Pods Resources */,
			);
			buildRules = (
			);
			dependencies = (
			);
			name = Miyu;
			productName = Miyu;
			productReference = 49A6D7EA201E86E500B994A2 /* Miyu.app */;
			productType = "com.apple.product-type.application";
		};
		49A6D7FD201E86E500B994A2 /* MiyuTests */ = {
			isa = PBXNativeTarget;
			buildConfigurationList = 49A6D815201E86E500B994A2 /* Build configuration list for PBXNativeTarget "MiyuTests" */;
			buildPhases = (
				49A6D7FA201E86E500B994A2 /* Sources */,
				49A6D7FB201E86E500B994A2 /* Frameworks */,
				49A6D7FC201E86E500B994A2 /* Resources */,
			);
			buildRules = (
			);
			dependencies = (
				49A6D800201E86E500B994A2 /* PBXTargetDependency */,
			);
			name = MiyuTests;
			productName = MiyuTests;
			productReference = 49A6D7FE201E86E500B994A2 /* MiyuTests.xctest */;
			productType = "com.apple.product-type.bundle.unit-test";
		};
		49A6D808201E86E500B994A2 /* MiyuUITests */ = {
			isa = PBXNativeTarget;
			buildConfigurationList = 49A6D818201E86E500B994A2 /* Build configuration list for PBXNativeTarget "MiyuUITests" */;
			buildPhases = (
				49A6D805201E86E500B994A2 /* Sources */,
				49A6D806201E86E500B994A2 /* Frameworks */,
				49A6D807201E86E500B994A2 /* Resources */,
			);
			buildRules = (
			);
			dependencies = (
				49A6D80B201E86E500B994A2 /* PBXTargetDependency */,
			);
			name = MiyuUITests;
			productName = MiyuUITests;
			productReference = 49A6D809201E86E500B994A2 /* MiyuUITests.xctest */;
			productType = "com.apple.product-type.bundle.ui-testing";
		};
/* End PBXNativeTarget section */

/* Begin PBXProject section */
		49A6D7E2201E86E500B994A2 /* Project object */ = {
			isa = PBXProject;
			attributes = {
				LastSwiftUpdateCheck = 0920;
				LastUpgradeCheck = 0930;
				ORGANIZATIONNAME = ME;
				TargetAttributes = {
					49A6D7E9201E86E500B994A2 = {
						CreatedOnToolsVersion = 9.2;
						ProvisioningStyle = Automatic;
					};
					49A6D7FD201E86E500B994A2 = {
						CreatedOnToolsVersion = 9.2;
						ProvisioningStyle = Automatic;
						TestTargetID = 49A6D7E9201E86E500B994A2;
					};
					49A6D808201E86E500B994A2 = {
						CreatedOnToolsVersion = 9.2;
						ProvisioningStyle = Automatic;
						TestTargetID = 49A6D7E9201E86E500B994A2;
					};
				};
			};
			buildConfigurationList = 49A6D7E5201E86E500B994A2 /* Build configuration list for PBXProject "Miyu" */;
			compatibilityVersion = "Xcode 8.0";
			developmentRegion = en;
			hasScannedForEncodings = 0;
			knownRegions = (
				en,
				Base,
			);
			mainGroup = 49A6D7E1201E86E500B994A2;
			productRefGroup = 49A6D7EB201E86E500B994A2 /* Products */;
			projectDirPath = "";
			projectRoot = "";
			targets = (
				49A6D7E9201E86E500B994A2 /* Miyu */,
				49A6D7FD201E86E500B994A2 /* MiyuTests */,
				49A6D808201E86E500B994A2 /* MiyuUITests */,
			);
		};
/* End PBXProject section */

/* Begin PBXResourcesBuildPhase section */
		49A6D7E8201E86E500B994A2 /* Resources */ = {
			isa = PBXResourcesBuildPhase;
			buildActionMask = 2147483647;
			files = (
				49E1D94B2075E79400B5B7FD /* ActivityRatingViewController.storyboard in Resources */,
				491199FF2087FCEC0063356C /* RatedUserViewController.storyboard in Resources */,
				49A6D7F8201E86E500B994A2 /* LaunchScreen.storyboard in Resources */,
				49B44C332070678E00A4A069 /* ContentFriendTableViewCell.xib in Resources */,
				49A6D7F5201E86E500B994A2 /* Assets.xcassets in Resources */,
				4937FAEF2025733F006E991B /* UploadViewController.storyboard in Resources */,
				49A6D831202104D300B994A2 /* HomepageTableViewCell.xib in Resources */,
				4933BECB2023FD27004307E4 /* HomepageViewController.storyboard in Resources */,
				4937FAFE20264A33006E991B /* GoogleService-Info.plist in Resources */,
				49E1D9492075C3ED00B5B7FD /* Main.storyboard in Resources */,
				49DC302820227D1000E7F05F /* ProfileTableViewCell.xib in Resources */,
				4933BEC92023FA35004307E4 /* ProfileViewController.storyboard in Resources */,
				4937FAF720263C77006E991B /* RegisterViewController.storyboard in Resources */,
				4937FAFC20263D88006E991B /* LoginViewController.storyboard in Resources */,
				4937FAF420257573006E991B /* ExploreViewController.storyboard in Resources */,
			);
			runOnlyForDeploymentPostprocessing = 0;
		};
		49A6D7FC201E86E500B994A2 /* Resources */ = {
			isa = PBXResourcesBuildPhase;
			buildActionMask = 2147483647;
			files = (
				4937FAFF20264A33006E991B /* GoogleService-Info.plist in Resources */,
			);
			runOnlyForDeploymentPostprocessing = 0;
		};
		49A6D807201E86E500B994A2 /* Resources */ = {
			isa = PBXResourcesBuildPhase;
			buildActionMask = 2147483647;
			files = (
				4937FB0020264A33006E991B /* GoogleService-Info.plist in Resources */,
			);
			runOnlyForDeploymentPostprocessing = 0;
		};
/* End PBXResourcesBuildPhase section */

/* Begin PBXShellScriptBuildPhase section */
		5B440E520A2F0A11783B8BA5 /* [CP] Copy Pods Resources */ = {
			isa = PBXShellScriptBuildPhase;
			buildActionMask = 2147483647;
			files = (
			);
			inputPaths = (
			);
			name = "[CP] Copy Pods Resources";
			outputPaths = (
			);
			runOnlyForDeploymentPostprocessing = 0;
			shellPath = /bin/sh;
			shellScript = "\"${SRCROOT}/Pods/Target Support Files/Pods-Miyu/Pods-Miyu-resources.sh\"\n";
			showEnvVarsInLog = 0;
		};
		7E83368FE8084FD606F39663 /* [CP] Check Pods Manifest.lock */ = {
			isa = PBXShellScriptBuildPhase;
			buildActionMask = 2147483647;
			files = (
			);
			inputPaths = (
				"${PODS_PODFILE_DIR_PATH}/Podfile.lock",
				"${PODS_ROOT}/Manifest.lock",
			);
			name = "[CP] Check Pods Manifest.lock";
			outputPaths = (
				"$(DERIVED_FILE_DIR)/Pods-Miyu-checkManifestLockResult.txt",
			);
			runOnlyForDeploymentPostprocessing = 0;
			shellPath = /bin/sh;
			shellScript = "diff \"${PODS_PODFILE_DIR_PATH}/Podfile.lock\" \"${PODS_ROOT}/Manifest.lock\" > /dev/null\nif [ $? != 0 ] ; then\n    # print error to STDERR\n    echo \"error: The sandbox is not in sync with the Podfile.lock. Run 'pod install' or update your CocoaPods installation.\" >&2\n    exit 1\nfi\n# This output is used by Xcode 'outputs' to avoid re-running this script phase.\necho \"SUCCESS\" > \"${SCRIPT_OUTPUT_FILE_0}\"\n";
			showEnvVarsInLog = 0;
		};
		ED92C30B5AF2C8E4F7CAB276 /* [CP] Embed Pods Frameworks */ = {
			isa = PBXShellScriptBuildPhase;
			buildActionMask = 2147483647;
			files = (
			);
			inputPaths = (
				"${SRCROOT}/Pods/Target Support Files/Pods-Miyu/Pods-Miyu-frameworks.sh",
				"${BUILT_PRODUCTS_DIR}/Cosmos/Cosmos.framework",
				"${BUILT_PRODUCTS_DIR}/GTMSessionFetcher/GTMSessionFetcher.framework",
				"${BUILT_PRODUCTS_DIR}/GoogleToolboxForMac/GoogleToolboxForMac.framework",
				"${BUILT_PRODUCTS_DIR}/Realm/Realm.framework",
				"${BUILT_PRODUCTS_DIR}/RealmSwift/RealmSwift.framework",
				"${BUILT_PRODUCTS_DIR}/SteviaLayout/Stevia.framework",
				"${BUILT_PRODUCTS_DIR}/YPImagePicker/YPImagePicker.framework",
				"${BUILT_PRODUCTS_DIR}/leveldb-library/leveldb.framework",
				"${BUILT_PRODUCTS_DIR}/nanopb/nanopb.framework",
			);
			name = "[CP] Embed Pods Frameworks";
			outputPaths = (
				"${TARGET_BUILD_DIR}/${FRAMEWORKS_FOLDER_PATH}/Cosmos.framework",
				"${TARGET_BUILD_DIR}/${FRAMEWORKS_FOLDER_PATH}/GTMSessionFetcher.framework",
				"${TARGET_BUILD_DIR}/${FRAMEWORKS_FOLDER_PATH}/GoogleToolboxForMac.framework",
				"${TARGET_BUILD_DIR}/${FRAMEWORKS_FOLDER_PATH}/Realm.framework",
				"${TARGET_BUILD_DIR}/${FRAMEWORKS_FOLDER_PATH}/RealmSwift.framework",
				"${TARGET_BUILD_DIR}/${FRAMEWORKS_FOLDER_PATH}/Stevia.framework",
				"${TARGET_BUILD_DIR}/${FRAMEWORKS_FOLDER_PATH}/YPImagePicker.framework",
				"${TARGET_BUILD_DIR}/${FRAMEWORKS_FOLDER_PATH}/leveldb.framework",
				"${TARGET_BUILD_DIR}/${FRAMEWORKS_FOLDER_PATH}/nanopb.framework",
			);
			runOnlyForDeploymentPostprocessing = 0;
			shellPath = /bin/sh;
			shellScript = "\"${SRCROOT}/Pods/Target Support Files/Pods-Miyu/Pods-Miyu-frameworks.sh\"\n";
			showEnvVarsInLog = 0;
		};
/* End PBXShellScriptBuildPhase section */

/* Begin PBXSourcesBuildPhase section */
		49A6D7E6201E86E500B994A2 /* Sources */ = {
			isa = PBXSourcesBuildPhase;
			buildActionMask = 2147483647;
			files = (
				49A6D81D201FB22600B994A2 /* LoginViewController.swift in Sources */,
				49A9B6C6204B4F650067A578 /* Design+Extensions.swift in Sources */,
				49384772205201C600FFA15A /* Extensions+UIViewController.swift in Sources */,
				495E9B99202B815C007F23B8 /* HomepageViewModel.swift in Sources */,
				4957D3E4208D06AA00199A70 /* RealmService.swift in Sources */,
				4949F1DC205F653C00AB6160 /* DataStore.swift in Sources */,
				493847792055AF4B00FFA15A /* BaseCell.swift in Sources */,
				493847702051F8A200FFA15A /* Alert.swift in Sources */,
				4918EF2F2071D4F400CB1A0C /* FirebaseUserManager.swift in Sources */,
				4937FAED2025732A006E991B /* UploadViewController.swift in Sources */,
				4957D3E6208D0A0B00199A70 /* FirebaseService.swift in Sources */,
				49A6D7EE201E86E500B994A2 /* AppDelegate.swift in Sources */,
				498EC82D205B001300EA6DAA /* Profile Protocols.swift in Sources */,
				49E1D9472075BF3700B5B7FD /* RootViewController.swift in Sources */,
				49B44C322070678E00A4A069 /* ContentFriendTableViewCell.swift in Sources */,
				49C8F821207576A4003ACE54 /* Extension+HomepageVC.swift in Sources */,
				4937FAFA20263CD5006E991B /* RegisterViewController.swift in Sources */,
				498B5CF22065C57600FBD4AE /* ContentTableViewCell.swift in Sources */,
				49A9EDA720805B940044B5C1 /* CustomTextField.swift in Sources */,
				49108EBF2027D76A0031314B /* LoginViewModel.swift in Sources */,
				49964D3720471719007204E4 /* Image.swift in Sources */,
				49B44C362070689600A4A069 /* ContentFriendCell.swift in Sources */,
				49A6D822201FB2A100B994A2 /* HomepageViewController.swift in Sources */,
				49E4F577202E93B700D5C7B4 /* UploadViewModel.swift in Sources */,
				49DC302720227D1000E7F05F /* ProfileTableViewCell.swift in Sources */,
				498EC830205B203000EA6DAA /* ProfileUserDataModel.swift in Sources */,
				498B5CF42065C59900FBD4AE /* ContentCollectionViewCell.swift in Sources */,
				493847772054B2A800FFA15A /* ProfileMenuBar.swift in Sources */,
				49108EBD2027D7200031314B /* AppUser.swift in Sources */,
				495AB3A52029461B00D4D721 /* RegisterViewModel.swift in Sources */,
				49A6D830202104D300B994A2 /* HomepageTableViewCell.swift in Sources */,
				498EC8282058B47F00EA6DAA /* ProfileContainerView.swift in Sources */,
				49119A012087FCF60063356C /* RatedUserViewController.swift in Sources */,
				498B5CF020659F2200FBD4AE /* ProfileContentCollectionViewCell.swift in Sources */,
				4938476E2050769900FFA15A /* BaseTableViewCell.swift in Sources */,
				49A6D83620210C1400B994A2 /* BaseViewController.swift in Sources */,
				495AB3A1202942FC00D4D721 /* Extensions.swift in Sources */,
				49BFABE520603EED0097A464 /* DataStoreManager.swift in Sources */,
				495E9B97202B6BEE007F23B8 /* InstantiatedViewControllers.swift in Sources */,
				49DC302320227CA600E7F05F /* ProfileViewController.swift in Sources */,
				49E1D94D2075E79F00B5B7FD /* ActivityRatingViewController.swift in Sources */,
				498EC82A205AFFA300EA6DAA /* ProfileMenuCell.swift in Sources */,
				4937FAF220257564006E991B /* ExploreViewController.swift in Sources */,
				49A6D833202104E800B994A2 /* Constants.swift in Sources */,
				495E9B9B202BACA1007F23B8 /* Post.swift in Sources */,
				49C8F8252075AFA0003ACE54 /* SplashViewController.swift in Sources */,
			);
			runOnlyForDeploymentPostprocessing = 0;
		};
		49A6D7FA201E86E500B994A2 /* Sources */ = {
			isa = PBXSourcesBuildPhase;
			buildActionMask = 2147483647;
			files = (
				49A6D803201E86E500B994A2 /* MiyuTests.swift in Sources */,
			);
			runOnlyForDeploymentPostprocessing = 0;
		};
		49A6D805201E86E500B994A2 /* Sources */ = {
			isa = PBXSourcesBuildPhase;
			buildActionMask = 2147483647;
			files = (
				49A6D80E201E86E500B994A2 /* MiyuUITests.swift in Sources */,
			);
			runOnlyForDeploymentPostprocessing = 0;
		};
/* End PBXSourcesBuildPhase section */

/* Begin PBXTargetDependency section */
		49A6D800201E86E500B994A2 /* PBXTargetDependency */ = {
			isa = PBXTargetDependency;
			target = 49A6D7E9201E86E500B994A2 /* Miyu */;
			targetProxy = 49A6D7FF201E86E500B994A2 /* PBXContainerItemProxy */;
		};
		49A6D80B201E86E500B994A2 /* PBXTargetDependency */ = {
			isa = PBXTargetDependency;
			target = 49A6D7E9201E86E500B994A2 /* Miyu */;
			targetProxy = 49A6D80A201E86E500B994A2 /* PBXContainerItemProxy */;
		};
/* End PBXTargetDependency section */

/* Begin PBXVariantGroup section */
		49A6D7F6201E86E500B994A2 /* LaunchScreen.storyboard */ = {
			isa = PBXVariantGroup;
			children = (
				49A6D7F7201E86E500B994A2 /* Base */,
			);
			name = LaunchScreen.storyboard;
			sourceTree = "<group>";
		};
/* End PBXVariantGroup section */

/* Begin XCBuildConfiguration section */
		49A6D810201E86E500B994A2 /* Debug */ = {
			isa = XCBuildConfiguration;
			buildSettings = {
				ALWAYS_SEARCH_USER_PATHS = NO;
				CLANG_ANALYZER_NONNULL = YES;
				CLANG_ANALYZER_NUMBER_OBJECT_CONVERSION = YES_AGGRESSIVE;
				CLANG_CXX_LANGUAGE_STANDARD = "gnu++14";
				CLANG_CXX_LIBRARY = "libc++";
				CLANG_ENABLE_MODULES = YES;
				CLANG_ENABLE_OBJC_ARC = YES;
				CLANG_WARN_BLOCK_CAPTURE_AUTORELEASING = YES;
				CLANG_WARN_BOOL_CONVERSION = YES;
				CLANG_WARN_COMMA = YES;
				CLANG_WARN_CONSTANT_CONVERSION = YES;
				CLANG_WARN_DEPRECATED_OBJC_IMPLEMENTATIONS = YES;
				CLANG_WARN_DIRECT_OBJC_ISA_USAGE = YES_ERROR;
				CLANG_WARN_DOCUMENTATION_COMMENTS = YES;
				CLANG_WARN_EMPTY_BODY = YES;
				CLANG_WARN_ENUM_CONVERSION = YES;
				CLANG_WARN_INFINITE_RECURSION = YES;
				CLANG_WARN_INT_CONVERSION = YES;
				CLANG_WARN_NON_LITERAL_NULL_CONVERSION = YES;
				CLANG_WARN_OBJC_IMPLICIT_RETAIN_SELF = YES;
				CLANG_WARN_OBJC_LITERAL_CONVERSION = YES;
				CLANG_WARN_OBJC_ROOT_CLASS = YES_ERROR;
				CLANG_WARN_RANGE_LOOP_ANALYSIS = YES;
				CLANG_WARN_STRICT_PROTOTYPES = YES;
				CLANG_WARN_SUSPICIOUS_MOVE = YES;
				CLANG_WARN_UNGUARDED_AVAILABILITY = YES_AGGRESSIVE;
				CLANG_WARN_UNREACHABLE_CODE = YES;
				CLANG_WARN__DUPLICATE_METHOD_MATCH = YES;
				CODE_SIGN_IDENTITY = "iPhone Developer";
				COPY_PHASE_STRIP = NO;
				DEBUG_INFORMATION_FORMAT = dwarf;
				ENABLE_STRICT_OBJC_MSGSEND = YES;
				ENABLE_TESTABILITY = YES;
				GCC_C_LANGUAGE_STANDARD = gnu11;
				GCC_DYNAMIC_NO_PIC = NO;
				GCC_NO_COMMON_BLOCKS = YES;
				GCC_OPTIMIZATION_LEVEL = s;
				GCC_PREPROCESSOR_DEFINITIONS = (
					"DEBUG=1",
					"$(inherited)",
				);
				GCC_WARN_64_TO_32_BIT_CONVERSION = YES;
				GCC_WARN_ABOUT_RETURN_TYPE = YES_ERROR;
				GCC_WARN_UNDECLARED_SELECTOR = YES;
				GCC_WARN_UNINITIALIZED_AUTOS = YES_AGGRESSIVE;
				GCC_WARN_UNUSED_FUNCTION = YES;
				GCC_WARN_UNUSED_VARIABLE = YES;
				IPHONEOS_DEPLOYMENT_TARGET = 11.2;
				MTL_ENABLE_DEBUG_INFO = YES;
				ONLY_ACTIVE_ARCH = YES;
				SDKROOT = iphoneos;
				SWIFT_ACTIVE_COMPILATION_CONDITIONS = DEBUG;
				SWIFT_OPTIMIZATION_LEVEL = "-O";
			};
			name = Debug;
		};
		49A6D811201E86E500B994A2 /* Release */ = {
			isa = XCBuildConfiguration;
			buildSettings = {
				ALWAYS_SEARCH_USER_PATHS = NO;
				CLANG_ANALYZER_NONNULL = YES;
				CLANG_ANALYZER_NUMBER_OBJECT_CONVERSION = YES_AGGRESSIVE;
				CLANG_CXX_LANGUAGE_STANDARD = "gnu++14";
				CLANG_CXX_LIBRARY = "libc++";
				CLANG_ENABLE_MODULES = YES;
				CLANG_ENABLE_OBJC_ARC = YES;
				CLANG_WARN_BLOCK_CAPTURE_AUTORELEASING = YES;
				CLANG_WARN_BOOL_CONVERSION = YES;
				CLANG_WARN_COMMA = YES;
				CLANG_WARN_CONSTANT_CONVERSION = YES;
				CLANG_WARN_DEPRECATED_OBJC_IMPLEMENTATIONS = YES;
				CLANG_WARN_DIRECT_OBJC_ISA_USAGE = YES_ERROR;
				CLANG_WARN_DOCUMENTATION_COMMENTS = YES;
				CLANG_WARN_EMPTY_BODY = YES;
				CLANG_WARN_ENUM_CONVERSION = YES;
				CLANG_WARN_INFINITE_RECURSION = YES;
				CLANG_WARN_INT_CONVERSION = YES;
				CLANG_WARN_NON_LITERAL_NULL_CONVERSION = YES;
				CLANG_WARN_OBJC_IMPLICIT_RETAIN_SELF = YES;
				CLANG_WARN_OBJC_LITERAL_CONVERSION = YES;
				CLANG_WARN_OBJC_ROOT_CLASS = YES_ERROR;
				CLANG_WARN_RANGE_LOOP_ANALYSIS = YES;
				CLANG_WARN_STRICT_PROTOTYPES = YES;
				CLANG_WARN_SUSPICIOUS_MOVE = YES;
				CLANG_WARN_UNGUARDED_AVAILABILITY = YES_AGGRESSIVE;
				CLANG_WARN_UNREACHABLE_CODE = YES;
				CLANG_WARN__DUPLICATE_METHOD_MATCH = YES;
				CODE_SIGN_IDENTITY = "iPhone Developer";
				COPY_PHASE_STRIP = NO;
				DEBUG_INFORMATION_FORMAT = "dwarf-with-dsym";
				ENABLE_NS_ASSERTIONS = NO;
				ENABLE_STRICT_OBJC_MSGSEND = YES;
				GCC_C_LANGUAGE_STANDARD = gnu11;
				GCC_NO_COMMON_BLOCKS = YES;
				GCC_OPTIMIZATION_LEVEL = 0;
				GCC_WARN_64_TO_32_BIT_CONVERSION = YES;
				GCC_WARN_ABOUT_RETURN_TYPE = YES_ERROR;
				GCC_WARN_UNDECLARED_SELECTOR = YES;
				GCC_WARN_UNINITIALIZED_AUTOS = YES_AGGRESSIVE;
				GCC_WARN_UNUSED_FUNCTION = YES;
				GCC_WARN_UNUSED_VARIABLE = YES;
				IPHONEOS_DEPLOYMENT_TARGET = 11.2;
				MTL_ENABLE_DEBUG_INFO = NO;
				SDKROOT = iphoneos;
				SWIFT_OPTIMIZATION_LEVEL = "-Owholemodule";
				VALIDATE_PRODUCT = YES;
			};
			name = Release;
		};
		49A6D813201E86E500B994A2 /* Debug */ = {
			isa = XCBuildConfiguration;
			baseConfigurationReference = CCC9F6D602AA27277E5E0FB5 /* Pods-Miyu.debug.xcconfig */;
			buildSettings = {
				ASSETCATALOG_COMPILER_APPICON_NAME = AppIcon;
				CODE_SIGN_STYLE = Automatic;
				DEVELOPMENT_TEAM = 9QMWUGNK5F;
				GCC_OPTIMIZATION_LEVEL = 0;
				INFOPLIST_FILE = "$(SRCROOT)/Miyu/Supporting Files/Info.plist";
				LD_RUNPATH_SEARCH_PATHS = "$(inherited) @executable_path/Frameworks";
				PRODUCT_BUNDLE_IDENTIFIER = com.miraes.Miyu;
				PRODUCT_NAME = "$(TARGET_NAME)";
				SWIFT_OPTIMIZATION_LEVEL = "-Onone";
				SWIFT_VERSION = 4.0;
				TARGETED_DEVICE_FAMILY = "1,2";
			};
			name = Debug;
		};
		49A6D814201E86E500B994A2 /* Release */ = {
			isa = XCBuildConfiguration;
			baseConfigurationReference = A81E4928A6D84A33072D6897 /* Pods-Miyu.release.xcconfig */;
			buildSettings = {
				ASSETCATALOG_COMPILER_APPICON_NAME = AppIcon;
				CODE_SIGN_STYLE = Automatic;
				DEVELOPMENT_TEAM = 9QMWUGNK5F;
				INFOPLIST_FILE = "$(SRCROOT)/Miyu/Supporting Files/Info.plist";
				LD_RUNPATH_SEARCH_PATHS = "$(inherited) @executable_path/Frameworks";
				PRODUCT_BUNDLE_IDENTIFIER = com.miraes.Miyu;
				PRODUCT_NAME = "$(TARGET_NAME)";
				SWIFT_OPTIMIZATION_LEVEL = "-Onone";
				SWIFT_VERSION = 4.0;
				TARGETED_DEVICE_FAMILY = "1,2";
			};
			name = Release;
		};
		49A6D816201E86E500B994A2 /* Debug */ = {
			isa = XCBuildConfiguration;
			buildSettings = {
				ALWAYS_EMBED_SWIFT_STANDARD_LIBRARIES = YES;
				BUNDLE_LOADER = "$(TEST_HOST)";
				CODE_SIGN_STYLE = Automatic;
				DEVELOPMENT_TEAM = 9QMWUGNK5F;
				INFOPLIST_FILE = MiyuTests/Info.plist;
				LD_RUNPATH_SEARCH_PATHS = "$(inherited) @executable_path/Frameworks @loader_path/Frameworks";
				PRODUCT_BUNDLE_IDENTIFIER = com.miraes.me.MiyuTests;
				PRODUCT_NAME = "$(TARGET_NAME)";
				SWIFT_VERSION = 4.0;
				TARGETED_DEVICE_FAMILY = "1,2";
				TEST_HOST = "$(BUILT_PRODUCTS_DIR)/Miyu.app/Miyu";
			};
			name = Debug;
		};
		49A6D817201E86E500B994A2 /* Release */ = {
			isa = XCBuildConfiguration;
			buildSettings = {
				ALWAYS_EMBED_SWIFT_STANDARD_LIBRARIES = YES;
				BUNDLE_LOADER = "$(TEST_HOST)";
				CODE_SIGN_STYLE = Automatic;
				DEVELOPMENT_TEAM = 9QMWUGNK5F;
				INFOPLIST_FILE = MiyuTests/Info.plist;
				LD_RUNPATH_SEARCH_PATHS = "$(inherited) @executable_path/Frameworks @loader_path/Frameworks";
				PRODUCT_BUNDLE_IDENTIFIER = com.miraes.me.MiyuTests;
				PRODUCT_NAME = "$(TARGET_NAME)";
				SWIFT_VERSION = 4.0;
				TARGETED_DEVICE_FAMILY = "1,2";
				TEST_HOST = "$(BUILT_PRODUCTS_DIR)/Miyu.app/Miyu";
			};
			name = Release;
		};
		49A6D819201E86E500B994A2 /* Debug */ = {
			isa = XCBuildConfiguration;
			buildSettings = {
				ALWAYS_EMBED_SWIFT_STANDARD_LIBRARIES = YES;
				CODE_SIGN_STYLE = Automatic;
				DEVELOPMENT_TEAM = 9QMWUGNK5F;
				INFOPLIST_FILE = MiyuUITests/Info.plist;
				LD_RUNPATH_SEARCH_PATHS = "$(inherited) @executable_path/Frameworks @loader_path/Frameworks";
				PRODUCT_BUNDLE_IDENTIFIER = com.miraes.me.MiyuUITests;
				PRODUCT_NAME = "$(TARGET_NAME)";
				SWIFT_VERSION = 4.0;
				TARGETED_DEVICE_FAMILY = "1,2";
				TEST_TARGET_NAME = Miyu;
			};
			name = Debug;
		};
		49A6D81A201E86E500B994A2 /* Release */ = {
			isa = XCBuildConfiguration;
			buildSettings = {
				ALWAYS_EMBED_SWIFT_STANDARD_LIBRARIES = YES;
				CODE_SIGN_STYLE = Automatic;
				DEVELOPMENT_TEAM = 9QMWUGNK5F;
				INFOPLIST_FILE = MiyuUITests/Info.plist;
				LD_RUNPATH_SEARCH_PATHS = "$(inherited) @executable_path/Frameworks @loader_path/Frameworks";
				PRODUCT_BUNDLE_IDENTIFIER = com.miraes.me.MiyuUITests;
				PRODUCT_NAME = "$(TARGET_NAME)";
				SWIFT_VERSION = 4.0;
				TARGETED_DEVICE_FAMILY = "1,2";
				TEST_TARGET_NAME = Miyu;
			};
			name = Release;
		};
/* End XCBuildConfiguration section */

/* Begin XCConfigurationList section */
		49A6D7E5201E86E500B994A2 /* Build configuration list for PBXProject "Miyu" */ = {
			isa = XCConfigurationList;
			buildConfigurations = (
				49A6D810201E86E500B994A2 /* Debug */,
				49A6D811201E86E500B994A2 /* Release */,
			);
			defaultConfigurationIsVisible = 0;
			defaultConfigurationName = Release;
		};
		49A6D812201E86E500B994A2 /* Build configuration list for PBXNativeTarget "Miyu" */ = {
			isa = XCConfigurationList;
			buildConfigurations = (
				49A6D813201E86E500B994A2 /* Debug */,
				49A6D814201E86E500B994A2 /* Release */,
			);
			defaultConfigurationIsVisible = 0;
			defaultConfigurationName = Release;
		};
		49A6D815201E86E500B994A2 /* Build configuration list for PBXNativeTarget "MiyuTests" */ = {
			isa = XCConfigurationList;
			buildConfigurations = (
				49A6D816201E86E500B994A2 /* Debug */,
				49A6D817201E86E500B994A2 /* Release */,
			);
			defaultConfigurationIsVisible = 0;
			defaultConfigurationName = Release;
		};
		49A6D818201E86E500B994A2 /* Build configuration list for PBXNativeTarget "MiyuUITests" */ = {
			isa = XCConfigurationList;
			buildConfigurations = (
				49A6D819201E86E500B994A2 /* Debug */,
				49A6D81A201E86E500B994A2 /* Release */,
			);
			defaultConfigurationIsVisible = 0;
			defaultConfigurationName = Release;
		};
/* End XCConfigurationList section */
	};
	rootObject = 49A6D7E2201E86E500B994A2 /* Project object */;
}
